
Microsoft Visual Studio Solution File, Format Version 12.00
# Visual Studio Version 17
VisualStudioVersion = 17.6.33829.357
MinimumVisualStudioVersion = 10.0.40219.1
Project("{FAE04EC0-301F-11D3-BF4B-00C04F79EFBC}") = "LibraryManagementSystem", "LibraryManagementSystem\LibraryManagementSystem.csproj", "{1BCA0EEE-EBF5-46A3-8FD2-7E767EFEF8DB}"
EndProject
Global
	GlobalSection(SolutionConfigurationPlatforms) = preSolution
		Debug|Any CPU = Debug|Any CPU
		Release|Any CPU = Release|Any CPU
	EndGlobalSection
	GlobalSection(ProjectConfigurationPlatforms) = postSolution
		{1BCA0EEE-EBF5-46A3-8FD2-7E767EFEF8DB}.Debug|Any CPU.ActiveCfg = Debug|Any CPU
		{1BCA0EEE-EBF5-46A3-8FD2-7E767EFEF8DB}.Debug|Any CPU.Build.0 = Debug|Any CPU
		{1BCA0EEE-EBF5-46A3-8FD2-7E767EFEF8DB}.Release|Any CPU.ActiveCfg = Release|Any CPU
		{1BCA0EEE-EBF5-46A3-8FD2-7E767EFEF8DB}.Release|Any CPU.Build.0 = Release|Any CPU
	EndGlobalSection
	GlobalSection(SolutionProperties) = preSolution
		HideSolutionNode = FALSE
	EndGlobalSection
	GlobalSection(ExtensibilityGlobals) = postSolution
		SolutionGuid = {22877DB3-09FB-40E0-8F6D-A02E765DBDCF}
	EndGlobalSection
EndGlobal
